golang.org/x/sys v0.41.0 h1:Ivj+2Cp/ylzLiEU89QhWblYnOE9zerudt9Ftecq2C6k=
golang.org/x/sys v0.41.0/go.mod h1:OgkHotnGiDImocRcuBABYBEXf8A9a87e/uXjp9XT3ks=
golang.org/x/term v0.40.0 h1:36e4zGLqU4yhjlmxEaagx2KuYbJq3EwY8K943ZsHcvg=
golang.org/x/term v0.40.0/go.mod h1:w2P8uVp06p2iyKKuvXIm7N/y0UCRt3UfJTfZ7oOpglM=
robpike.io/ivy v0.5.0 h1:aVVt65qJsx+N1ryRWJU4NidQY99wWAr5e6dgzfkWZSs=
robpike.io/ivy v0.5.0/go.mod h1:GvaaS0DT5KQjwNREltnMFzNWDWYLzmAmjpKN4HvGmqU=
