# This file is autogenerated, do not edit; changes may be undone by the next 'dep ensure'.


[[projects]]
  name = "gopkg.in/readline.v1"
  packages = ["."]
  revision = "62c6fe6193755f722b8b8788aa7357be55a50ff1"
  version = "v1.4"

[[projects]]
  branch = "master"
  name = "robpike.io/ivy"
  packages = ["config","exec","mobile","parse","run","scan","value"]
  revision = "3dd8a2d16657ecd795e7c661154e46ef19e439a6"

[solve-meta]
  analyzer-name = "dep"
  analyzer-version = 1
  inputs-digest = "9e881dc9c494a6d41309c431ca4a1b119eea3f8ccb4bd3cd97a9d93eaeb0772c"
  solver-name = "gps-cdcl"
  solver-version = 1
